
Microsoft Visual Studio Solution File, Format Version 12.00
# Visual Studio Version 17
VisualStudioVersion = 17.1.32328.378
MinimumVisualStudioVersion = 10.0.40219.1
Project("{9A19103F-16F7-4668-BE54-9A1E7A4F7556}") = "TwentyOne", "TwentyOne\TwentyOne.csproj", "{05D098C3-DF8B-457B-AB22-88ECBC71DC33}"
EndProject
Project("{FAE04EC0-301F-11D3-BF4B-00C04F79EFBC}") = "TwentyOneTests", "TwentyOneTests\TwentyOneTests.csproj", "{7C199ED6-90DE-495E-A448-F271083D7CE8}"
EndProject
Global
	GlobalSection(SolutionConfigurationPlatforms) = preSolution
		Debug|Any CPU = Debug|Any CPU
		Release|Any CPU = Release|Any CPU
	EndGlobalSection
	GlobalSection(ProjectConfigurationPlatforms) = postSolution
		{05D098C3-DF8B-457B-AB22-88ECBC71DC33}.Debug|Any CPU.ActiveCfg = Debug|Any CPU
		{05D098C3-DF8B-457B-AB22-88ECBC71DC33}.Debug|Any CPU.Build.0 = Debug|Any CPU
		{05D098C3-DF8B-457B-AB22-88ECBC71DC33}.Release|Any CPU.ActiveCfg = Release|Any CPU
		{05D098C3-DF8B-457B-AB22-88ECBC71DC33}.Release|Any CPU.Build.0 = Release|Any CPU
		{7C199ED6-90DE-495E-A448-F271083D7CE8}.Debug|Any CPU.ActiveCfg = Debug|Any CPU
		{7C199ED6-90DE-495E-A448-F271083D7CE8}.Debug|Any CPU.Build.0 = Debug|Any CPU
		{7C199ED6-90DE-495E-A448-F271083D7CE8}.Release|Any CPU.ActiveCfg = Release|Any CPU
		{7C199ED6-90DE-495E-A448-F271083D7CE8}.Release|Any CPU.Build.0 = Release|Any CPU
	EndGlobalSection
	GlobalSection(SolutionProperties) = preSolution
		HideSolutionNode = FALSE
	EndGlobalSection
	GlobalSection(ExtensibilityGlobals) = postSolution
		SolutionGuid = {1C7893AD-E4E3-4C4A-AA28-8BCC00E05136}
	EndGlobalSection
EndGlobal
